
Microsoft Visual Studio Solution File, Format Version 12.00
# Visual Studio Version 16
VisualStudioVersion = 16.0.31624.102
MinimumVisualStudioVersion = 10.0.40219.1
Project("{FAE04EC0-301F-11D3-BF4B-00C04F79EFBC}") = "C_Sharp_Lab", "C_Sharp_Lab\C_Sharp_Lab.csproj", "{A67EDA87-C189-46F0-AF5F-3F87DF872EFC}"
EndProject
Project("{FAE04EC0-301F-11D3-BF4B-00C04F79EFBC}") = "Matrix", "Matrix\Matrix.csproj", "{54224748-25DA-42F0-AD10-8053C130DFC7}"
EndProject
Project("{FAE04EC0-301F-11D3-BF4B-00C04F79EFBC}") = "MatrixTests", "MatrixTests\MatrixTests.csproj", "{C1B4D884-F78B-4F12-B23C-7675D2830C5E}"
EndProject
Project("{FAE04EC0-301F-11D3-BF4B-00C04F79EFBC}") = "Function", "Function\Function.csproj", "{61533F54-4D2F-4305-BE0A-E10D7B918BBA}"
EndProject
Project("{FAE04EC0-301F-11D3-BF4B-00C04F79EFBC}") = "FunctionTests", "FunctionTests\FunctionTests.csproj", "{91E7FD1A-3C6E-4EA8-94D7-EB5637B3650B}"
EndProject
Project("{FAE04EC0-301F-11D3-BF4B-00C04F79EFBC}") = "Enumerator", "Enumerator\Enumerator.csproj", "{2EB2004D-8FB6-4CF3-B994-BF717B547E06}"
EndProject
Project("{FAE04EC0-301F-11D3-BF4B-00C04F79EFBC}") = "EnumeratorTests", "EnumeratorTests\EnumeratorTests.csproj", "{0F763300-BC36-4959-A5AE-1F2478B29DD3}"
EndProject
Project("{FAE04EC0-301F-11D3-BF4B-00C04F79EFBC}") = "ExcelManager", "ExcelManager\ExcelManager.csproj", "{E90DE263-F124-4D85-BFAE-B3D16695B7F6}"
EndProject
Global
	GlobalSection(SolutionConfigurationPlatforms) = preSolution
		Debug|Any CPU = Debug|Any CPU
		Release|Any CPU = Release|Any CPU
	EndGlobalSection
	GlobalSection(ProjectConfigurationPlatforms) = postSolution
		{A67EDA87-C189-46F0-AF5F-3F87DF872EFC}.Debug|Any CPU.ActiveCfg = Debug|Any CPU
		{A67EDA87-C189-46F0-AF5F-3F87DF872EFC}.Debug|Any CPU.Build.0 = Debug|Any CPU
		{A67EDA87-C189-46F0-AF5F-3F87DF872EFC}.Release|Any CPU.ActiveCfg = Release|Any CPU
		{A67EDA87-C189-46F0-AF5F-3F87DF872EFC}.Release|Any CPU.Build.0 = Release|Any CPU
		{54224748-25DA-42F0-AD10-8053C130DFC7}.Debug|Any CPU.ActiveCfg = Debug|Any CPU
		{54224748-25DA-42F0-AD10-8053C130DFC7}.Debug|Any CPU.Build.0 = Debug|Any CPU
		{54224748-25DA-42F0-AD10-8053C130DFC7}.Release|Any CPU.ActiveCfg = Release|Any CPU
		{54224748-25DA-42F0-AD10-8053C130DFC7}.Release|Any CPU.Build.0 = Release|Any CPU
		{C1B4D884-F78B-4F12-B23C-7675D2830C5E}.Debug|Any CPU.ActiveCfg = Debug|Any CPU
		{C1B4D884-F78B-4F12-B23C-7675D2830C5E}.Debug|Any CPU.Build.0 = Debug|Any CPU
		{C1B4D884-F78B-4F12-B23C-7675D2830C5E}.Release|Any CPU.ActiveCfg = Release|Any CPU
		{C1B4D884-F78B-4F12-B23C-7675D2830C5E}.Release|Any CPU.Build.0 = Release|Any CPU
		{61533F54-4D2F-4305-BE0A-E10D7B918BBA}.Debug|Any CPU.ActiveCfg = Debug|Any CPU
		{61533F54-4D2F-4305-BE0A-E10D7B918BBA}.Debug|Any CPU.Build.0 = Debug|Any CPU
		{61533F54-4D2F-4305-BE0A-E10D7B918BBA}.Release|Any CPU.ActiveCfg = Release|Any CPU
		{61533F54-4D2F-4305-BE0A-E10D7B918BBA}.Release|Any CPU.Build.0 = Release|Any CPU
		{91E7FD1A-3C6E-4EA8-94D7-EB5637B3650B}.Debug|Any CPU.ActiveCfg = Debug|Any CPU
		{91E7FD1A-3C6E-4EA8-94D7-EB5637B3650B}.Debug|Any CPU.Build.0 = Debug|Any CPU
		{91E7FD1A-3C6E-4EA8-94D7-EB5637B3650B}.Release|Any CPU.ActiveCfg = Release|Any CPU
		{91E7FD1A-3C6E-4EA8-94D7-EB5637B3650B}.Release|Any CPU.Build.0 = Release|Any CPU
		{2EB2004D-8FB6-4CF3-B994-BF717B547E06}.Debug|Any CPU.ActiveCfg = Debug|Any CPU
		{2EB2004D-8FB6-4CF3-B994-BF717B547E06}.Debug|Any CPU.Build.0 = Debug|Any CPU
		{2EB2004D-8FB6-4CF3-B994-BF717B547E06}.Release|Any CPU.ActiveCfg = Release|Any CPU
		{2EB2004D-8FB6-4CF3-B994-BF717B547E06}.Release|Any CPU.Build.0 = Release|Any CPU
		{0F763300-BC36-4959-A5AE-1F2478B29DD3}.Debug|Any CPU.ActiveCfg = Debug|Any CPU
		{0F763300-BC36-4959-A5AE-1F2478B29DD3}.Debug|Any CPU.Build.0 = Debug|Any CPU
		{0F763300-BC36-4959-A5AE-1F2478B29DD3}.Release|Any CPU.ActiveCfg = Release|Any CPU
		{0F763300-BC36-4959-A5AE-1F2478B29DD3}.Release|Any CPU.Build.0 = Release|Any CPU
		{E90DE263-F124-4D85-BFAE-B3D16695B7F6}.Debug|Any CPU.ActiveCfg = Debug|Any CPU
		{E90DE263-F124-4D85-BFAE-B3D16695B7F6}.Debug|Any CPU.Build.0 = Debug|Any CPU
		{E90DE263-F124-4D85-BFAE-B3D16695B7F6}.Release|Any CPU.ActiveCfg = Release|Any CPU
		{E90DE263-F124-4D85-BFAE-B3D16695B7F6}.Release|Any CPU.Build.0 = Release|Any CPU
	EndGlobalSection
	GlobalSection(SolutionProperties) = preSolution
		HideSolutionNode = FALSE
	EndGlobalSection
	GlobalSection(ExtensibilityGlobals) = postSolution
		SolutionGuid = {7C433A25-D372-4776-B5AF-5EB59F001C2A}
	EndGlobalSection
EndGlobal
